
Microsoft Visual Studio Solution File, Format Version 12.00
# Visual Studio 15
VisualStudioVersion = 15.0.28010.2016
MinimumVisualStudioVersion = 10.0.40219.1
Project("{2150E333-8FDC-42A3-9474-1A3956D46DE8}") = "Targets", "Targets", "{6A0C91EE-0F6B-4540-99FC-E7A488AF1093}"
EndProject
Project("{9A19103F-16F7-4668-BE54-9A1E7A4F7556}") = "Encrypt.Data", "Encrypt.Data\Encrypt.Data.csproj", "{065314B6-ABC6-45A7-9A8B-22105B0A9A8F}"
EndProject
Project("{FAE04EC0-301F-11D3-BF4B-00C04F79EFBC}") = "Encrypt.Android", "Encrypt.Android\Encrypt.Android.csproj", "{24CE3C36-16B9-426D-AA0C-5961ECF8D88C}"
EndProject
Project("{FAE04EC0-301F-11D3-BF4B-00C04F79EFBC}") = "Encrypt.iOS", "Encrypt.iOS\Encrypt.iOS.csproj", "{B7E7483D-2B28-4078-BEB8-3E25D106EDDC}"
EndProject
Project("{FAE04EC0-301F-11D3-BF4B-00C04F79EFBC}") = "Encrypt.UWP", "Encrypt.UWP\Encrypt.UWP.csproj", "{30B2BF59-51F3-484F-A577-D0C8DE8AA4B0}"
EndProject
Project("{9A19103F-16F7-4668-BE54-9A1E7A4F7556}") = "Encrypt.DTOs", "Encrypt.DTOs\Encrypt.DTOs.csproj", "{52DB3BAC-9C77-4741-8402-318D7A39C203}"
EndProject
Project("{9A19103F-16F7-4668-BE54-9A1E7A4F7556}") = "Encrypt", "Encrypt\Encrypt.csproj", "{76E786FA-211C-4F69-8A50-D1C7B5C28ECD}"
EndProject
Global
	GlobalSection(SolutionConfigurationPlatforms) = preSolution
		Debug|Any CPU = Debug|Any CPU
		Debug|ARM = Debug|ARM
		Debug|iPhone = Debug|iPhone
		Debug|iPhoneSimulator = Debug|iPhoneSimulator
		Debug|x64 = Debug|x64
		Debug|x86 = Debug|x86
		Release|Any CPU = Release|Any CPU
		Release|ARM = Release|ARM
		Release|iPhone = Release|iPhone
		Release|iPhoneSimulator = Release|iPhoneSimulator
		Release|x64 = Release|x64
		Release|x86 = Release|x86
	EndGlobalSection
	GlobalSection(ProjectConfigurationPlatforms) = postSolution
		{065314B6-ABC6-45A7-9A8B-22105B0A9A8F}.Debug|Any CPU.ActiveCfg = Debug|Any CPU
		{065314B6-ABC6-45A7-9A8B-22105B0A9A8F}.Debug|Any CPU.Build.0 = Debug|Any CPU
		{065314B6-ABC6-45A7-9A8B-22105B0A9A8F}.Debug|ARM.ActiveCfg = Debug|Any CPU
		{065314B6-ABC6-45A7-9A8B-22105B0A9A8F}.Debug|ARM.Build.0 = Debug|Any CPU
		{065314B6-ABC6-45A7-9A8B-22105B0A9A8F}.Debug|iPhone.ActiveCfg = Debug|Any CPU
		{065314B6-ABC6-45A7-9A8B-22105B0A9A8F}.Debug|iPhone.Build.0 = Debug|Any CPU
		{065314B6-ABC6-45A7-9A8B-22105B0A9A8F}.Debug|iPhoneSimulator.ActiveCfg = Debug|Any CPU
		{065314B6-ABC6-45A7-9A8B-22105B0A9A8F}.Debug|iPhoneSimulator.Build.0 = Debug|Any CPU
		{065314B6-ABC6-45A7-9A8B-22105B0A9A8F}.Debug|x64.ActiveCfg = Debug|Any CPU
		{065314B6-ABC6-45A7-9A8B-22105B0A9A8F}.Debug|x64.Build.0 = Debug|Any CPU
		{065314B6-ABC6-45A7-9A8B-22105B0A9A8F}.Debug|x86.ActiveCfg = Debug|Any CPU
		{065314B6-ABC6-45A7-9A8B-22105B0A9A8F}.Debug|x86.Build.0 = Debug|Any CPU
		{065314B6-ABC6-45A7-9A8B-22105B0A9A8F}.Release|Any CPU.ActiveCfg = Release|Any CPU
		{065314B6-ABC6-45A7-9A8B-22105B0A9A8F}.Release|Any CPU.Build.0 = Release|Any CPU
		{065314B6-ABC6-45A7-9A8B-22105B0A9A8F}.Release|ARM.ActiveCfg = Release|Any CPU
		{065314B6-ABC6-45A7-9A8B-22105B0A9A8F}.Release|ARM.Build.0 = Release|Any CPU
		{065314B6-ABC6-45A7-9A8B-22105B0A9A8F}.Release|iPhone.ActiveCfg = Release|Any CPU
		{065314B6-ABC6-45A7-9A8B-22105B0A9A8F}.Release|iPhone.Build.0 = Release|Any CPU
		{065314B6-ABC6-45A7-9A8B-22105B0A9A8F}.Release|iPhoneSimulator.ActiveCfg = Release|Any CPU
		{065314B6-ABC6-45A7-9A8B-22105B0A9A8F}.Release|iPhoneSimulator.Build.0 = Release|Any CPU
		{065314B6-ABC6-45A7-9A8B-22105B0A9A8F}.Release|x64.ActiveCfg = Release|Any CPU
		{065314B6-ABC6-45A7-9A8B-22105B0A9A8F}.Release|x64.Build.0 = Release|Any CPU
		{065314B6-ABC6-45A7-9A8B-22105B0A9A8F}.Release|x86.ActiveCfg = Release|Any CPU
		{065314B6-ABC6-45A7-9A8B-22105B0A9A8F}.Release|x86.Build.0 = Release|Any CPU
		{24CE3C36-16B9-426D-AA0C-5961ECF8D88C}.Debug|Any CPU.ActiveCfg = Debug|Any CPU
		{24CE3C36-16B9-426D-AA0C-5961ECF8D88C}.Debug|Any CPU.Build.0 = Debug|Any CPU
		{24CE3C36-16B9-426D-AA0C-5961ECF8D88C}.Debug|Any CPU.Deploy.0 = Debug|Any CPU
		{24CE3C36-16B9-426D-AA0C-5961ECF8D88C}.Debug|ARM.ActiveCfg = Debug|Any CPU
		{24CE3C36-16B9-426D-AA0C-5961ECF8D88C}.Debug|ARM.Build.0 = Debug|Any CPU
		{24CE3C36-16B9-426D-AA0C-5961ECF8D88C}.Debug|ARM.Deploy.0 = Debug|Any CPU
		{24CE3C36-16B9-426D-AA0C-5961ECF8D88C}.Debug|iPhone.ActiveCfg = Debug|Any CPU
		{24CE3C36-16B9-426D-AA0C-5961ECF8D88C}.Debug|iPhone.Build.0 = Debug|Any CPU
		{24CE3C36-16B9-426D-AA0C-5961ECF8D88C}.Debug|iPhone.Deploy.0 = Debug|Any CPU
		{24CE3C36-16B9-426D-AA0C-5961ECF8D88C}.Debug|iPhoneSimulator.ActiveCfg = Debug|Any CPU
		{24CE3C36-16B9-426D-AA0C-5961ECF8D88C}.Debug|iPhoneSimulator.Build.0 = Debug|Any CPU
		{24CE3C36-16B9-426D-AA0C-5961ECF8D88C}.Debug|iPhoneSimulator.Deploy.0 = Debug|Any CPU
		{24CE3C36-16B9-426D-AA0C-5961ECF8D88C}.Debug|x64.ActiveCfg = Debug|Any CPU
		{24CE3C36-16B9-426D-AA0C-5961ECF8D88C}.Debug|x64.Build.0 = Debug|Any CPU
		{24CE3C36-16B9-426D-AA0C-5961ECF8D88C}.Debug|x64.Deploy.0 = Debug|Any CPU
		{24CE3C36-16B9-426D-AA0C-5961ECF8D88C}.Debug|x86.ActiveCfg = Debug|Any CPU
		{24CE3C36-16B9-426D-AA0C-5961ECF8D88C}.Debug|x86.Build.0 = Debug|Any CPU
		{24CE3C36-16B9-426D-AA0C-5961ECF8D88C}.Debug|x86.Deploy.0 = Debug|Any CPU
		{24CE3C36-16B9-426D-AA0C-5961ECF8D88C}.Release|Any CPU.ActiveCfg = Release|Any CPU
		{24CE3C36-16B9-426D-AA0C-5961ECF8D88C}.Release|Any CPU.Build.0 = Release|Any CPU
		{24CE3C36-16B9-426D-AA0C-5961ECF8D88C}.Release|Any CPU.Deploy.0 = Release|Any CPU
		{24CE3C36-16B9-426D-AA0C-5961ECF8D88C}.Release|ARM.ActiveCfg = Release|Any CPU
		{24CE3C36-16B9-426D-AA0C-5961ECF8D88C}.Release|ARM.Build.0 = Release|Any CPU
		{24CE3C36-16B9-426D-AA0C-5961ECF8D88C}.Release|ARM.Deploy.0 = Release|Any CPU
		{24CE3C36-16B9-426D-AA0C-5961ECF8D88C}.Release|iPhone.ActiveCfg = Release|Any CPU
		{24CE3C36-16B9-426D-AA0C-5961ECF8D88C}.Release|iPhone.Build.0 = Release|Any CPU
		{24CE3C36-16B9-426D-AA0C-5961ECF8D88C}.Release|iPhone.Deploy.0 = Release|Any CPU
		{24CE3C36-16B9-426D-AA0C-5961ECF8D88C}.Release|iPhoneSimulator.ActiveCfg = Release|Any CPU
		{24CE3C36-16B9-426D-AA0C-5961ECF8D88C}.Release|iPhoneSimulator.Build.0 = Release|Any CPU
		{24CE3C36-16B9-426D-AA0C-5961ECF8D88C}.Release|iPhoneSimulator.Deploy.0 = Release|Any CPU
		{24CE3C36-16B9-426D-AA0C-5961ECF8D88C}.Release|x64.ActiveCfg = Release|Any CPU
		{24CE3C36-16B9-426D-AA0C-5961ECF8D88C}.Release|x64.Build.0 = Release|Any CPU
		{24CE3C36-16B9-426D-AA0C-5961ECF8D88C}.Release|x64.Deploy.0 = Release|Any CPU
		{24CE3C36-16B9-426D-AA0C-5961ECF8D88C}.Release|x86.ActiveCfg = Release|Any CPU
		{24CE3C36-16B9-426D-AA0C-5961ECF8D88C}.Release|x86.Build.0 = Release|Any CPU
		{24CE3C36-16B9-426D-AA0C-5961ECF8D88C}.Release|x86.Deploy.0 = Release|Any CPU
		{B7E7483D-2B28-4078-BEB8-3E25D106EDDC}.Debug|Any CPU.ActiveCfg = Debug|iPhone
		{B7E7483D-2B28-4078-BEB8-3E25D106EDDC}.Debug|ARM.ActiveCfg = Debug|iPhone
		{B7E7483D-2B28-4078-BEB8-3E25D106EDDC}.Debug|iPhone.ActiveCfg = Debug|iPhone
		{B7E7483D-2B28-4078-BEB8-3E25D106EDDC}.Debug|iPhone.Build.0 = Debug|iPhone
		{B7E7483D-2B28-4078-BEB8-3E25D106EDDC}.Debug|iPhoneSimulator.ActiveCfg = Debug|iPhoneSimulator
		{B7E7483D-2B28-4078-BEB8-3E25D106EDDC}.Debug|iPhoneSimulator.Build.0 = Debug|iPhoneSimulator
		{B7E7483D-2B28-4078-BEB8-3E25D106EDDC}.Debug|x64.ActiveCfg = Debug|iPhone
		{B7E7483D-2B28-4078-BEB8-3E25D106EDDC}.Debug|x86.ActiveCfg = Debug|iPhone
		{B7E7483D-2B28-4078-BEB8-3E25D106EDDC}.Release|Any CPU.ActiveCfg = Release|iPhone
		{B7E7483D-2B28-4078-BEB8-3E25D106EDDC}.Release|ARM.ActiveCfg = Release|iPhone
		{B7E7483D-2B28-4078-BEB8-3E25D106EDDC}.Release|iPhone.ActiveCfg = Release|iPhone
		{B7E7483D-2B28-4078-BEB8-3E25D106EDDC}.Release|iPhone.Build.0 = Release|iPhone
		{B7E7483D-2B28-4078-BEB8-3E25D106EDDC}.Release|iPhoneSimulator.ActiveCfg = Release|iPhoneSimulator
		{B7E7483D-2B28-4078-BEB8-3E25D106EDDC}.Release|iPhoneSimulator.Build.0 = Release|iPhoneSimulator
		{B7E7483D-2B28-4078-BEB8-3E25D106EDDC}.Release|x64.ActiveCfg = Release|iPhone
		{B7E7483D-2B28-4078-BEB8-3E25D106EDDC}.Release|x86.ActiveCfg = Release|iPhone
		{30B2BF59-51F3-484F-A577-D0C8DE8AA4B0}.Debug|Any CPU.ActiveCfg = Debug|x86
		{30B2BF59-51F3-484F-A577-D0C8DE8AA4B0}.Debug|ARM.ActiveCfg = Debug|ARM
		{30B2BF59-51F3-484F-A577-D0C8DE8AA4B0}.Debug|ARM.Build.0 = Debug|ARM
		{30B2BF59-51F3-484F-A577-D0C8DE8AA4B0}.Debug|ARM.Deploy.0 = Debug|ARM
		{30B2BF59-51F3-484F-A577-D0C8DE8AA4B0}.Debug|iPhone.ActiveCfg = Debug|x86
		{30B2BF59-51F3-484F-A577-D0C8DE8AA4B0}.Debug|iPhoneSimulator.ActiveCfg = Debug|x86
		{30B2BF59-51F3-484F-A577-D0C8DE8AA4B0}.Debug|x64.ActiveCfg = Debug|x64
		{30B2BF59-51F3-484F-A577-D0C8DE8AA4B0}.Debug|x64.Build.0 = Debug|x64
		{30B2BF59-51F3-484F-A577-D0C8DE8AA4B0}.Debug|x64.Deploy.0 = Debug|x64
		{30B2BF59-51F3-484F-A577-D0C8DE8AA4B0}.Debug|x86.ActiveCfg = Debug|x86
		{30B2BF59-51F3-484F-A577-D0C8DE8AA4B0}.Debug|x86.Build.0 = Debug|x86
		{30B2BF59-51F3-484F-A577-D0C8DE8AA4B0}.Debug|x86.Deploy.0 = Debug|x86
		{30B2BF59-51F3-484F-A577-D0C8DE8AA4B0}.Release|Any CPU.ActiveCfg = Release|x86
		{30B2BF59-51F3-484F-A577-D0C8DE8AA4B0}.Release|ARM.ActiveCfg = Release|ARM
		{30B2BF59-51F3-484F-A577-D0C8DE8AA4B0}.Release|ARM.Build.0 = Release|ARM
		{30B2BF59-51F3-484F-A577-D0C8DE8AA4B0}.Release|ARM.Deploy.0 = Release|ARM
		{30B2BF59-51F3-484F-A577-D0C8DE8AA4B0}.Release|iPhone.ActiveCfg = Release|x86
		{30B2BF59-51F3-484F-A577-D0C8DE8AA4B0}.Release|iPhoneSimulator.ActiveCfg = Release|x86
		{30B2BF59-51F3-484F-A577-D0C8DE8AA4B0}.Release|x64.ActiveCfg = Release|x64
		{30B2BF59-51F3-484F-A577-D0C8DE8AA4B0}.Release|x64.Build.0 = Release|x64
		{30B2BF59-51F3-484F-A577-D0C8DE8AA4B0}.Release|x64.Deploy.0 = Release|x64
		{30B2BF59-51F3-484F-A577-D0C8DE8AA4B0}.Release|x86.ActiveCfg = Release|x86
		{30B2BF59-51F3-484F-A577-D0C8DE8AA4B0}.Release|x86.Build.0 = Release|x86
		{30B2BF59-51F3-484F-A577-D0C8DE8AA4B0}.Release|x86.Deploy.0 = Release|x86
		{52DB3BAC-9C77-4741-8402-318D7A39C203}.Debug|Any CPU.ActiveCfg = Debug|Any CPU
		{52DB3BAC-9C77-4741-8402-318D7A39C203}.Debug|Any CPU.Build.0 = Debug|Any CPU
		{52DB3BAC-9C77-4741-8402-318D7A39C203}.Debug|ARM.ActiveCfg = Debug|Any CPU
		{52DB3BAC-9C77-4741-8402-318D7A39C203}.Debug|ARM.Build.0 = Debug|Any CPU
		{52DB3BAC-9C77-4741-8402-318D7A39C203}.Debug|iPhone.ActiveCfg = Debug|Any CPU
		{52DB3BAC-9C77-4741-8402-318D7A39C203}.Debug|iPhone.Build.0 = Debug|Any CPU
		{52DB3BAC-9C77-4741-8402-318D7A39C203}.Debug|iPhoneSimulator.ActiveCfg = Debug|Any CPU
		{52DB3BAC-9C77-4741-8402-318D7A39C203}.Debug|iPhoneSimulator.Build.0 = Debug|Any CPU
		{52DB3BAC-9C77-4741-8402-318D7A39C203}.Debug|x64.ActiveCfg = Debug|Any CPU
		{52DB3BAC-9C77-4741-8402-318D7A39C203}.Debug|x64.Build.0 = Debug|Any CPU
		{52DB3BAC-9C77-4741-8402-318D7A39C203}.Debug|x86.ActiveCfg = Debug|Any CPU
		{52DB3BAC-9C77-4741-8402-318D7A39C203}.Debug|x86.Build.0 = Debug|Any CPU
		{52DB3BAC-9C77-4741-8402-318D7A39C203}.Release|Any CPU.ActiveCfg = Release|Any CPU
		{52DB3BAC-9C77-4741-8402-318D7A39C203}.Release|Any CPU.Build.0 = Release|Any CPU
		{52DB3BAC-9C77-4741-8402-318D7A39C203}.Release|ARM.ActiveCfg = Release|Any CPU
		{52DB3BAC-9C77-4741-8402-318D7A39C203}.Release|ARM.Build.0 = Release|Any CPU
		{52DB3BAC-9C77-4741-8402-318D7A39C203}.Release|iPhone.ActiveCfg = Release|Any CPU
		{52DB3BAC-9C77-4741-8402-318D7A39C203}.Release|iPhone.Build.0 = Release|Any CPU
		{52DB3BAC-9C77-4741-8402-318D7A39C203}.Release|iPhoneSimulator.ActiveCfg = Release|Any CPU
		{52DB3BAC-9C77-4741-8402-318D7A39C203}.Release|iPhoneSimulator.Build.0 = Release|Any CPU
		{52DB3BAC-9C77-4741-8402-318D7A39C203}.Release|x64.ActiveCfg = Release|Any CPU
		{52DB3BAC-9C77-4741-8402-318D7A39C203}.Release|x64.Build.0 = Release|Any CPU
		{52DB3BAC-9C77-4741-8402-318D7A39C203}.Release|x86.ActiveCfg = Release|Any CPU
		{52DB3BAC-9C77-4741-8402-318D7A39C203}.Release|x86.Build.0 = Release|Any CPU
		{76E786FA-211C-4F69-8A50-D1C7B5C28ECD}.Debug|Any CPU.ActiveCfg = Debug|Any CPU
		{76E786FA-211C-4F69-8A50-D1C7B5C28ECD}.Debug|Any CPU.Build.0 = Debug|Any CPU
		{76E786FA-211C-4F69-8A50-D1C7B5C28ECD}.Debug|ARM.ActiveCfg = Debug|Any CPU
		{76E786FA-211C-4F69-8A50-D1C7B5C28ECD}.Debug|ARM.Build.0 = Debug|Any CPU
		{76E786FA-211C-4F69-8A50-D1C7B5C28ECD}.Debug|iPhone.ActiveCfg = Debug|Any CPU
		{76E786FA-211C-4F69-8A50-D1C7B5C28ECD}.Debug|iPhone.Build.0 = Debug|Any CPU
		{76E786FA-211C-4F69-8A50-D1C7B5C28ECD}.Debug|iPhoneSimulator.ActiveCfg = Debug|Any CPU
		{76E786FA-211C-4F69-8A50-D1C7B5C28ECD}.Debug|iPhoneSimulator.Build.0 = Debug|Any CPU
		{76E786FA-211C-4F69-8A50-D1C7B5C28ECD}.Debug|x64.ActiveCfg = Debug|Any CPU
		{76E786FA-211C-4F69-8A50-D1C7B5C28ECD}.Debug|x64.Build.0 = Debug|Any CPU
		{76E786FA-211C-4F69-8A50-D1C7B5C28ECD}.Debug|x86.ActiveCfg = Debug|Any CPU
		{76E786FA-211C-4F69-8A50-D1C7B5C28ECD}.Debug|x86.Build.0 = Debug|Any CPU
		{76E786FA-211C-4F69-8A50-D1C7B5C28ECD}.Release|Any CPU.ActiveCfg = Release|Any CPU
		{76E786FA-211C-4F69-8A50-D1C7B5C28ECD}.Release|Any CPU.Build.0 = Release|Any CPU
		{76E786FA-211C-4F69-8A50-D1C7B5C28ECD}.Release|ARM.ActiveCfg = Release|Any CPU
		{76E786FA-211C-4F69-8A50-D1C7B5C28ECD}.Release|ARM.Build.0 = Release|Any CPU
		{76E786FA-211C-4F69-8A50-D1C7B5C28ECD}.Release|iPhone.ActiveCfg = Release|Any CPU
		{76E786FA-211C-4F69-8A50-D1C7B5C28ECD}.Release|iPhone.Build.0 = Release|Any CPU
		{76E786FA-211C-4F69-8A50-D1C7B5C28ECD}.Release|iPhoneSimulator.ActiveCfg = Release|Any CPU
		{76E786FA-211C-4F69-8A50-D1C7B5C28ECD}.Release|iPhoneSimulator.Build.0 = Release|Any CPU
		{76E786FA-211C-4F69-8A50-D1C7B5C28ECD}.Release|x64.ActiveCfg = Release|Any CPU
		{76E786FA-211C-4F69-8A50-D1C7B5C28ECD}.Release|x64.Build.0 = Release|Any CPU
		{76E786FA-211C-4F69-8A50-D1C7B5C28ECD}.Release|x86.ActiveCfg = Release|Any CPU
		{76E786FA-211C-4F69-8A50-D1C7B5C28ECD}.Release|x86.Build.0 = Release|Any CPU
	EndGlobalSection
	GlobalSection(SolutionProperties) = preSolution
		HideSolutionNode = FALSE
	EndGlobalSection
	GlobalSection(NestedProjects) = preSolution
		{24CE3C36-16B9-426D-AA0C-5961ECF8D88C} = {6A0C91EE-0F6B-4540-99FC-E7A488AF1093}
		{B7E7483D-2B28-4078-BEB8-3E25D106EDDC} = {6A0C91EE-0F6B-4540-99FC-E7A488AF1093}
		{30B2BF59-51F3-484F-A577-D0C8DE8AA4B0} = {6A0C91EE-0F6B-4540-99FC-E7A488AF1093}
	EndGlobalSection
	GlobalSection(ExtensibilityGlobals) = postSolution
		SolutionGuid = {F23B7C7C-F672-4E5A-A42E-D532A42C4B77}
	EndGlobalSection
EndGlobal
